
Microsoft Visual Studio Solution File, Format Version 12.00
# Visual Studio Version 17
VisualStudioVersion = 17.4.33122.133
MinimumVisualStudioVersion = 10.0.40219.1
Project("{FAE04EC0-301F-11D3-BF4B-00C04F79EFBC}") = "FundAnalysis.API", "FundAnalysis\FundAnalysis.API.csproj", "{CFC76D3C-F1AC-4CF2-8A7D-BC3CABED6CBD}"
EndProject
Project("{FAE04EC0-301F-11D3-BF4B-00C04F79EFBC}") = "FundAnalysis.Models", "FundAnalysis.Models\FundAnalysis.Models.csproj", "{0E429E2A-1BF5-473E-8BF9-3636D287738D}"
EndProject
Global
	GlobalSection(SolutionConfigurationPlatforms) = preSolution
		Debug|Any CPU = Debug|Any CPU
		Release|Any CPU = Release|Any CPU
	EndGlobalSection
	GlobalSection(ProjectConfigurationPlatforms) = postSolution
		{CFC76D3C-F1AC-4CF2-8A7D-BC3CABED6CBD}.Debug|Any CPU.ActiveCfg = Debug|Any CPU
		{CFC76D3C-F1AC-4CF2-8A7D-BC3CABED6CBD}.Debug|Any CPU.Build.0 = Debug|Any CPU
		{CFC76D3C-F1AC-4CF2-8A7D-BC3CABED6CBD}.Release|Any CPU.ActiveCfg = Release|Any CPU
		{CFC76D3C-F1AC-4CF2-8A7D-BC3CABED6CBD}.Release|Any CPU.Build.0 = Release|Any CPU
		{0E429E2A-1BF5-473E-8BF9-3636D287738D}.Debug|Any CPU.ActiveCfg = Debug|Any CPU
		{0E429E2A-1BF5-473E-8BF9-3636D287738D}.Debug|Any CPU.Build.0 = Debug|Any CPU
		{0E429E2A-1BF5-473E-8BF9-3636D287738D}.Release|Any CPU.ActiveCfg = Release|Any CPU
		{0E429E2A-1BF5-473E-8BF9-3636D287738D}.Release|Any CPU.Build.0 = Release|Any CPU
	EndGlobalSection
	GlobalSection(SolutionProperties) = preSolution
		HideSolutionNode = FALSE
	EndGlobalSection
	GlobalSection(ExtensibilityGlobals) = postSolution
		SolutionGuid = {D0E682BF-EA8D-46FD-A47D-BA0DA9D98783}
	EndGlobalSection
EndGlobal
